// !$*UTF8*$!
{
	archiveVersion = 1;
	classes = {
	};
	objectVersion = 50;
	objects = {

/* Begin PBXBuildFile section */
		2E3750E526FAF7D800B291AE /* GeometryReaderApp.swift in Sources */ = {isa = PBXBuildFile; fileRef = 2E3750E426FAF7D800B291AE /* GeometryReaderApp.swift */; };
		2E3750E726FAF7D800B291AE /* ContentView.swift in Sources */ = {isa = PBXBuildFile; fileRef = 2E3750E626FAF7D800B291AE /* ContentView.swift */; };
		2E3750E926FAF7DD00B291AE /* Assets.xcassets in Resources */ = {isa = PBXBuildFile; fileRef = 2E3750E826FAF7DD00B291AE /* Assets.xcassets */; };
		2E3750EC26FAF7DD00B291AE /* Preview Assets.xcassets in Resources */ = {isa = PBXBuildFile; fileRef = 2E3750EB26FAF7DD00B291AE /* Preview Assets.xcassets */; };
		2E3750F726FAF7DD00B291AE /* GeometryReaderTests.swift in Sources */ = {isa = PBXBuildFile; fileRef = 2E3750F626FAF7DD00B291AE /* GeometryReaderTests.swift */; };
		2E37510226FAF7DD00B291AE /* GeometryReaderUITests.swift in Sources */ = {isa = PBXBuildFile; fileRef = 2E37510126FAF7DD00B291AE /* GeometryReaderUITests.swift */; };
/* End PBXBuildFile section */

/* Begin PBXContainerItemProxy section */
		2E3750F326FAF7DD00B291AE /* PBXContainerItemProxy */ = {
			isa = PBXContainerItemProxy;
			containerPortal = 2E3750D926FAF7D800B291AE /* Project object */;
			proxyType = 1;
			remoteGlobalIDString = 2E3750E026FAF7D800B291AE;
			remoteInfo = GeometryReader;
		};
		2E3750FE26FAF7DD00B291AE /* PBXContainerItemProxy */ = {
			isa = PBXContainerItemProxy;
			containerPortal = 2E3750D926FAF7D800B291AE /* Project object */;
			proxyType = 1;
			remoteGlobalIDString = 2E3750E026FAF7D800B291AE;
			remoteInfo = GeometryReader;
		};
/* End PBXContainerItemProxy section */

/* Begin PBXFileReference section */
		2E3750E126FAF7D800B291AE /* GeometryReader.app */ = {isa = PBXFileReference; explicitFileType = wrapper.application; includeInIndex = 0; path = GeometryReader.app; sourceTree = BUILT_PRODUCTS_DIR; };
		2E3750E426FAF7D800B291AE /* GeometryReaderApp.swift */ = {isa = PBXFileReference; lastKnownFileType = sourcecode.swift; path = GeometryReaderApp.swift; sourceTree = "<group>"; };
		2E3750E626FAF7D800B291AE /* ContentView.swift */ = {isa = PBXFileReference; lastKnownFileType = sourcecode.swift; path = ContentView.swift; sourceTree = "<group>"; };
		2E3750E826FAF7DD00B291AE /* Assets.xcassets */ = {isa = PBXFileReference; lastKnownFileType = folder.assetcatalog; path = Assets.xcassets; sourceTree = "<group>"; };
		2E3750EB26FAF7DD00B291AE /* Preview Assets.xcassets */ = {isa = PBXFileReference; lastKnownFileType = folder.assetcatalog; path = "Preview Assets.xcassets"; sourceTree = "<group>"; };
		2E3750ED26FAF7DD00B291AE /* Info.plist */ = {isa = PBXFileReference; lastKnownFileType = text.plist.xml; path = Info.plist; sourceTree = "<group>"; };
		2E3750F226FAF7DD00B291AE /* GeometryReaderTests.xctest */ = {isa = PBXFileReference; explicitFileType = wrapper.cfbundle; includeInIndex = 0; path = GeometryReaderTests.xctest; sourceTree = BUILT_PRODUCTS_DIR; };
		2E3750F626FAF7DD00B291AE /* GeometryReaderTests.swift */ = {isa = PBXFileReference; lastKnownFileType = sourcecode.swift; path = GeometryReaderTests.swift; sourceTree = "<group>"; };
		2E3750F826FAF7DD00B291AE /* Info.plist */ = {isa = PBXFileReference; lastKnownFileType = text.plist.xml; path = Info.plist; sourceTree = "<group>"; };
		2E3750FD26FAF7DD00B291AE /* GeometryReaderUITests.xctest */ = {isa = PBXFileReference; explicitFileType = wrapper.cfbundle; includeInIndex = 0; path = GeometryReaderUITests.xctest; sourceTree = BUILT_PRODUCTS_DIR; };
		2E37510126FAF7DD00B291AE /* GeometryReaderUITests.swift */ = {isa = PBXFileReference; lastKnownFileType = sourcecode.swift; path = GeometryReaderUITests.swift; sourceTree = "<group>"; };
		2E37510326FAF7DD00B291AE /* Info.plist */ = {isa = PBXFileReference; lastKnownFileType = text.plist.xml; path = Info.plist; sourceTree = "<group>"; };
/* End PBXFileReference section */

/* Begin PBXFrameworksBuildPhase section */
		2E3750DE26FAF7D800B291AE /* Frameworks */ = {
			isa = PBXFrameworksBuildPhase;
			buildActionMask = 2147483647;
			files = (
			);
			runOnlyForDeploymentPostprocessing = 0;
		};
		2E3750EF26FAF7DD00B291AE /* Frameworks */ = {
			isa = PBXFrameworksBuildPhase;
			buildActionMask = 2147483647;
			files = (
			);
			runOnlyForDeploymentPostprocessing = 0;
		};
		2E3750FA26FAF7DD00B291AE /* Frameworks */ = {
			isa = PBXFrameworksBuildPhase;
			buildActionMask = 2147483647;
			files = (
			);
			runOnlyForDeploymentPostprocessing = 0;
		};
/* End PBXFrameworksBuildPhase section */

/* Begin PBXGroup section */
		2E3750D826FAF7D800B291AE = {
			isa = PBXGroup;
			children = (
				2E3750E326FAF7D800B291AE /* GeometryReader */,
				2E3750F526FAF7DD00B291AE /* GeometryReaderTests */,
				2E37510026FAF7DD00B291AE /* GeometryReaderUITests */,
				2E3750E226FAF7D800B291AE /* Products */,
			);
			sourceTree = "<group>";
		};
		2E3750E226FAF7D800B291AE /* Products */ = {
			isa = PBXGroup;
			children = (
				2E3750E126FAF7D800B291AE /* GeometryReader.app */,
				2E3750F226FAF7DD00B291AE /* GeometryReaderTests.xctest */,
				2E3750FD26FAF7DD00B291AE /* GeometryReaderUITests.xctest */,
			);
			name = Products;
			sourceTree = "<group>";
		};
		2E3750E326FAF7D800B291AE /* GeometryReader */ = {
			isa = PBXGroup;
			children = (
				2E3750E426FAF7D800B291AE /* GeometryReaderApp.swift */,
				2E3750E626FAF7D800B291AE /* ContentView.swift */,
				2E3750E826FAF7DD00B291AE /* Assets.xcassets */,
				2E3750ED26FAF7DD00B291AE /* Info.plist */,
				2E3750EA26FAF7DD00B291AE /* Preview Content */,
			);
			path = GeometryReader;
			sourceTree = "<group>";
		};
		2E3750EA26FAF7DD00B291AE /* Preview Content */ = {
			isa = PBXGroup;
			children = (
				2E3750EB26FAF7DD00B291AE /* Preview Assets.xcassets */,
			);
			path = "Preview Content";
			sourceTree = "<group>";
		};
		2E3750F526FAF7DD00B291AE /* GeometryReaderTests */ = {
			isa = PBXGroup;
			children = (
				2E3750F626FAF7DD00B291AE /* GeometryReaderTests.swift */,
				2E3750F826FAF7DD00B291AE /* Info.plist */,
			);
			path = GeometryReaderTests;
			sourceTree = "<group>";
		};
		2E37510026FAF7DD00B291AE /* GeometryReaderUITests */ = {
			isa = PBXGroup;
			children = (
				2E37510126FAF7DD00B291AE /* GeometryReaderUITests.swift */,
				2E37510326FAF7DD00B291AE /* Info.plist */,
			);
			path = GeometryReaderUITests;
			sourceTree = "<group>";
		};
/* End PBXGroup section */

/* Begin PBXNativeTarget section */
		2E3750E026FAF7D800B291AE /* GeometryReader */ = {
			isa = PBXNativeTarget;
			buildConfigurationList = 2E37510626FAF7DD00B291AE /* Build configuration list for PBXNativeTarget "GeometryReader" */;
			buildPhases = (
				2E3750DD26FAF7D800B291AE /* Sources */,
				2E3750DE26FAF7D800B291AE /* Frameworks */,
				2E3750DF26FAF7D800B291AE /* Resources */,
			);
			buildRules = (
			);
			dependencies = (
			);
			name = GeometryReader;
			productName = GeometryReader;
			productReference = 2E3750E126FAF7D800B291AE /* GeometryReader.app */;
			productType = "com.apple.product-type.application";
		};
		2E3750F126FAF7DD00B291AE /* GeometryReaderTests */ = {
			isa = PBXNativeTarget;
			buildConfigurationList = 2E37510926FAF7DD00B291AE /* Build configuration list for PBXNativeTarget "GeometryReaderTests" */;
			buildPhases = (
				2E3750EE26FAF7DD00B291AE /* Sources */,
				2E3750EF26FAF7DD00B291AE /* Frameworks */,
				2E3750F026FAF7DD00B291AE /* Resources */,
			);
			buildRules = (
			);
			dependencies = (
				2E3750F426FAF7DD00B291AE /* PBXTargetDependency */,
			);
			name = GeometryReaderTests;
			productName = GeometryReaderTests;
			productReference = 2E3750F226FAF7DD00B291AE /* GeometryReaderTests.xctest */;
			productType = "com.apple.product-type.bundle.unit-test";
		};
		2E3750FC26FAF7DD00B291AE /* GeometryReaderUITests */ = {
			isa = PBXNativeTarget;
			buildConfigurationList = 2E37510C26FAF7DD00B291AE /* Build configuration list for PBXNativeTarget "GeometryReaderUITests" */;
			buildPhases = (
				2E3750F926FAF7DD00B291AE /* Sources */,
				2E3750FA26FAF7DD00B291AE /* Frameworks */,
				2E3750FB26FAF7DD00B291AE /* Resources */,
			);
			buildRules = (
			);
			dependencies = (
				2E3750FF26FAF7DD00B291AE /* PBXTargetDependency */,
			);
			name = GeometryReaderUITests;
			productName = GeometryReaderUITests;
			productReference = 2E3750FD26FAF7DD00B291AE /* GeometryReaderUITests.xctest */;
			productType = "com.apple.product-type.bundle.ui-testing";
		};
/* End PBXNativeTarget section */

/* Begin PBXProject section */
		2E3750D926FAF7D800B291AE /* Project object */ = {
			isa = PBXProject;
			attributes = {
				LastSwiftUpdateCheck = 1250;
				LastUpgradeCheck = 1250;
				TargetAttributes = {
					2E3750E026FAF7D800B291AE = {
						CreatedOnToolsVersion = 12.5.1;
					};
					2E3750F126FAF7DD00B291AE = {
						CreatedOnToolsVersion = 12.5.1;
						TestTargetID = 2E3750E026FAF7D800B291AE;
					};
					2E3750FC26FAF7DD00B291AE = {
						CreatedOnToolsVersion = 12.5.1;
						TestTargetID = 2E3750E026FAF7D800B291AE;
					};
				};
			};
			buildConfigurationList = 2E3750DC26FAF7D800B291AE /* Build configuration list for PBXProject "GeometryReader" */;
			compatibilityVersion = "Xcode 9.3";
			developmentRegion = en;
			hasScannedForEncodings = 0;
			knownRegions = (
				en,
				Base,
			);
			mainGroup = 2E3750D826FAF7D800B291AE;
			productRefGroup = 2E3750E226FAF7D800B291AE /* Products */;
			projectDirPath = "";
			projectRoot = "";
			targets = (
				2E3750E026FAF7D800B291AE /* GeometryReader */,
				2E3750F126FAF7DD00B291AE /* GeometryReaderTests */,
				2E3750FC26FAF7DD00B291AE /* GeometryReaderUITests */,
			);
		};
/* End PBXProject section */

/* Begin PBXResourcesBuildPhase section */
		2E3750DF26FAF7D800B291AE /* Resources */ = {
			isa = PBXResourcesBuildPhase;
			buildActionMask = 2147483647;
			files = (
				2E3750EC26FAF7DD00B291AE /* Preview Assets.xcassets in Resources */,
				2E3750E926FAF7DD00B291AE /* Assets.xcassets in Resources */,
			);
			runOnlyForDeploymentPostprocessing = 0;
		};
		2E3750F026FAF7DD00B291AE /* Resources */ = {
			isa = PBXResourcesBuildPhase;
			buildActionMask = 2147483647;
			files = (
			);
			runOnlyForDeploymentPostprocessing = 0;
		};
		2E3750FB26FAF7DD00B291AE /* Resources */ = {
			isa = PBXResourcesBuildPhase;
			buildActionMask = 2147483647;
			files = (
			);
			runOnlyForDeploymentPostprocessing = 0;
		};
/* End PBXResourcesBuildPhase section */

/* Begin PBXSourcesBuildPhase section */
		2E3750DD26FAF7D800B291AE /* Sources */ = {
			isa = PBXSourcesBuildPhase;
			buildActionMask = 2147483647;
			files = (
				2E3750E726FAF7D800B291AE /* ContentView.swift in Sources */,
				2E3750E526FAF7D800B291AE /* GeometryReaderApp.swift in Sources */,
			);
			runOnlyForDeploymentPostprocessing = 0;
		};
		2E3750EE26FAF7DD00B291AE /* Sources */ = {
			isa = PBXSourcesBuildPhase;
			buildActionMask = 2147483647;
			files = (
				2E3750F726FAF7DD00B291AE /* GeometryReaderTests.swift in Sources */,
			);
			runOnlyForDeploymentPostprocessing = 0;
		};
		2E3750F926FAF7DD00B291AE /* Sources */ = {
			isa = PBXSourcesBuildPhase;
			buildActionMask = 2147483647;
			files = (
				2E37510226FAF7DD00B291AE /* GeometryReaderUITests.swift in Sources */,
			);
			runOnlyForDeploymentPostprocessing = 0;
		};
/* End PBXSourcesBuildPhase section */

/* Begin PBXTargetDependency section */
		2E3750F426FAF7DD00B291AE /* PBXTargetDependency */ = {
			isa = PBXTargetDependency;
			target = 2E3750E026FAF7D800B291AE /* GeometryReader */;
			targetProxy = 2E3750F326FAF7DD00B291AE /* PBXContainerItemProxy */;
		};
		2E3750FF26FAF7DD00B291AE /* PBXTargetDependency */ = {
			isa = PBXTargetDependency;
			target = 2E3750E026FAF7D800B291AE /* GeometryReader */;
			targetProxy = 2E3750FE26FAF7DD00B291AE /* PBXContainerItemProxy */;
		};
/* End PBXTargetDependency section */

/* Begin XCBuildConfiguration section */
		2E37510426FAF7DD00B291AE /* Debug */ = {
			isa = XCBuildConfiguration;
			buildSettings = {
				ALWAYS_SEARCH_USER_PATHS = NO;
				CLANG_ANALYZER_NONNULL = YES;
				CLANG_ANALYZER_NUMBER_OBJECT_CONVERSION = YES_AGGRESSIVE;
				CLANG_CXX_LANGUAGE_STANDARD = "gnu++14";
				CLANG_CXX_LIBRARY = "libc++";
				CLANG_ENABLE_MODULES = YES;
				CLANG_ENABLE_OBJC_ARC = YES;
				CLANG_ENABLE_OBJC_WEAK = YES;
				CLANG_WARN_BLOCK_CAPTURE_AUTORELEASING = YES;
				CLANG_WARN_BOOL_CONVERSION = YES;
				CLANG_WARN_COMMA = YES;
				CLANG_WARN_CONSTANT_CONVERSION = YES;
				CLANG_WARN_DEPRECATED_OBJC_IMPLEMENTATIONS = YES;
				CLANG_WARN_DIRECT_OBJC_ISA_USAGE = YES_ERROR;
				CLANG_WARN_DOCUMENTATION_COMMENTS = YES;
				CLANG_WARN_EMPTY_BODY = YES;
				CLANG_WARN_ENUM_CONVERSION = YES;
				CLANG_WARN_INFINITE_RECURSION = YES;
				CLANG_WARN_INT_CONVERSION = YES;
				CLANG_WARN_NON_LITERAL_NULL_CONVERSION = YES;
				CLANG_WARN_OBJC_IMPLICIT_RETAIN_SELF = YES;
				CLANG_WARN_OBJC_LITERAL_CONVERSION = YES;
				CLANG_WARN_OBJC_ROOT_CLASS = YES_ERROR;
				CLANG_WARN_QUOTED_INCLUDE_IN_FRAMEWORK_HEADER = YES;
				CLANG_WARN_RANGE_LOOP_ANALYSIS = YES;
				CLANG_WARN_STRICT_PROTOTYPES = YES;
				CLANG_WARN_SUSPICIOUS_MOVE = YES;
				CLANG_WARN_UNGUARDED_AVAILABILITY = YES_AGGRESSIVE;
				CLANG_WARN_UNREACHABLE_CODE = YES;
				CLANG_WARN__DUPLICATE_METHOD_MATCH = YES;
				COPY_PHASE_STRIP = NO;
				DEBUG_INFORMATION_FORMAT = dwarf;
				ENABLE_STRICT_OBJC_MSGSEND = YES;
				ENABLE_TESTABILITY = YES;
				GCC_C_LANGUAGE_STANDARD = gnu11;
				GCC_DYNAMIC_NO_PIC = NO;
				GCC_NO_COMMON_BLOCKS = YES;
				GCC_OPTIMIZATION_LEVEL = 0;
				GCC_PREPROCESSOR_DEFINITIONS = (
					"DEBUG=1",
					"$(inherited)",
				);
				GCC_WARN_64_TO_32_BIT_CONVERSION = YES;
				GCC_WARN_ABOUT_RETURN_TYPE = YES_ERROR;
				GCC_WARN_UNDECLARED_SELECTOR = YES;
				GCC_WARN_UNINITIALIZED_AUTOS = YES_AGGRESSIVE;
				GCC_WARN_UNUSED_FUNCTION = YES;
				GCC_WARN_UNUSED_VARIABLE = YES;
				IPHONEOS_DEPLOYMENT_TARGET = 14.5;
				MTL_ENABLE_DEBUG_INFO = INCLUDE_SOURCE;
				MTL_FAST_MATH = YES;
				ONLY_ACTIVE_ARCH = YES;
				SDKROOT = iphoneos;
				SWIFT_ACTIVE_COMPILATION_CONDITIONS = DEBUG;
				SWIFT_OPTIMIZATION_LEVEL = "-Onone";
			};
			name = Debug;
		};
		2E37510526FAF7DD00B291AE /* Release */ = {
			isa = XCBuildConfiguration;
			buildSettings = {
				ALWAYS_SEARCH_USER_PATHS = NO;
				CLANG_ANALYZER_NONNULL = YES;
				CLANG_ANALYZER_NUMBER_OBJECT_CONVERSION = YES_AGGRESSIVE;
				CLANG_CXX_LANGUAGE_STANDARD = "gnu++14";
				CLANG_CXX_LIBRARY = "libc++";
				CLANG_ENABLE_MODULES = YES;
				CLANG_ENABLE_OBJC_ARC = YES;
				CLANG_ENABLE_OBJC_WEAK = YES;
				CLANG_WARN_BLOCK_CAPTURE_AUTORELEASING = YES;
				CLANG_WARN_BOOL_CONVERSION = YES;
				CLANG_WARN_COMMA = YES;
				CLANG_WARN_CONSTANT_CONVERSION = YES;
				CLANG_WARN_DEPRECATED_OBJC_IMPLEMENTATIONS = YES;
				CLANG_WARN_DIRECT_OBJC_ISA_USAGE = YES_ERROR;
				CLANG_WARN_DOCUMENTATION_COMMENTS = YES;
				CLANG_WARN_EMPTY_BODY = YES;
				CLANG_WARN_ENUM_CONVERSION = YES;
				CLANG_WARN_INFINITE_RECURSION = YES;
				CLANG_WARN_INT_CONVERSION = YES;
				CLANG_WARN_NON_LITERAL_NULL_CONVERSION = YES;
				CLANG_WARN_OBJC_IMPLICIT_RETAIN_SELF = YES;
				CLANG_WARN_OBJC_LITERAL_CONVERSION = YES;
				CLANG_WARN_OBJC_ROOT_CLASS = YES_ERROR;
				CLANG_WARN_QUOTED_INCLUDE_IN_FRAMEWORK_HEADER = YES;
				CLANG_WARN_RANGE_LOOP_ANALYSIS = YES;
				CLANG_WARN_STRICT_PROTOTYPES = YES;
				CLANG_WARN_SUSPICIOUS_MOVE = YES;
				CLANG_WARN_UNGUARDED_AVAILABILITY = YES_AGGRESSIVE;
				CLANG_WARN_UNREACHABLE_CODE = YES;
				CLANG_WARN__DUPLICATE_METHOD_MATCH = YES;
				COPY_PHASE_STRIP = NO;
				DEBUG_INFORMATION_FORMAT = "dwarf-with-dsym";
				ENABLE_NS_ASSERTIONS = NO;
				ENABLE_STRICT_OBJC_MSGSEND = YES;
				GCC_C_LANGUAGE_STANDARD = gnu11;
				GCC_NO_COMMON_BLOCKS = YES;
				GCC_WARN_64_TO_32_BIT_CONVERSION = YES;
				GCC_WARN_ABOUT_RETURN_TYPE = YES_ERROR;
				GCC_WARN_UNDECLARED_SELECTOR = YES;
				GCC_WARN_UNINITIALIZED_AUTOS = YES_AGGRESSIVE;
				GCC_WARN_UNUSED_FUNCTION = YES;
				GCC_WARN_UNUSED_VARIABLE = YES;
				IPHONEOS_DEPLOYMENT_TARGET = 14.5;
				MTL_ENABLE_DEBUG_INFO = NO;
				MTL_FAST_MATH = YES;
				SDKROOT = iphoneos;
				SWIFT_COMPILATION_MODE = wholemodule;
				SWIFT_OPTIMIZATION_LEVEL = "-O";
				VALIDATE_PRODUCT = YES;
			};
			name = Release;
		};
		2E37510726FAF7DD00B291AE /* Debug */ = {
			isa = XCBuildConfiguration;
			buildSettings = {
				ASSETCATALOG_COMPILER_APPICON_NAME = AppIcon;
				ASSETCATALOG_COMPILER_GLOBAL_ACCENT_COLOR_NAME = AccentColor;
				CODE_SIGN_STYLE = Automatic;
				DEVELOPMENT_ASSET_PATHS = "\"GeometryReader/Preview Content\"";
				DEVELOPMENT_TEAM = BN23SZEKV6;
				ENABLE_PREVIEWS = YES;
				INFOPLIST_FILE = GeometryReader/Info.plist;
				IPHONEOS_DEPLOYMENT_TARGET = 14.0;
				LD_RUNPATH_SEARCH_PATHS = (
					"$(inherited)",
					"@executable_path/Frameworks",
				);
				PRODUCT_BUNDLE_IDENTIFIER = zapbuild.GeometryReader;
				PRODUCT_NAME = "$(TARGET_NAME)";
				SWIFT_VERSION = 5.0;
				TARGETED_DEVICE_FAMILY = "1,2";
			};
			name = Debug;
		};
		2E37510826FAF7DD00B291AE /* Release */ = {
			isa = XCBuildConfiguration;
			buildSettings = {
				ASSETCATALOG_COMPILER_APPICON_NAME = AppIcon;
				ASSETCATALOG_COMPILER_GLOBAL_ACCENT_COLOR_NAME = AccentColor;
				CODE_SIGN_STYLE = Automatic;
				DEVELOPMENT_ASSET_PATHS = "\"GeometryReader/Preview Content\"";
				DEVELOPMENT_TEAM = BN23SZEKV6;
				ENABLE_PREVIEWS = YES;
				INFOPLIST_FILE = GeometryReader/Info.plist;
				IPHONEOS_DEPLOYMENT_TARGET = 14.0;
				LD_RUNPATH_SEARCH_PATHS = (
					"$(inherited)",
					"@executable_path/Frameworks",
				);
				PRODUCT_BUNDLE_IDENTIFIER = zapbuild.GeometryReader;
				PRODUCT_NAME = "$(TARGET_NAME)";
				SWIFT_VERSION = 5.0;
				TARGETED_DEVICE_FAMILY = "1,2";
			};
			name = Release;
		};
		2E37510A26FAF7DD00B291AE /* Debug */ = {
			isa = XCBuildConfiguration;
			buildSettings = {
				ALWAYS_EMBED_SWIFT_STANDARD_LIBRARIES = YES;
				BUNDLE_LOADER = "$(TEST_HOST)";
				CODE_SIGN_STYLE = Automatic;
				DEVELOPMENT_TEAM = BN23SZEKV6;
				INFOPLIST_FILE = GeometryReaderTests/Info.plist;
				IPHONEOS_DEPLOYMENT_TARGET = 14.0;
				LD_RUNPATH_SEARCH_PATHS = (
					"$(inherited)",
					"@executable_path/Frameworks",
					"@loader_path/Frameworks",
				);
				PRODUCT_BUNDLE_IDENTIFIER = zapbuild.GeometryReaderTests;
				PRODUCT_NAME = "$(TARGET_NAME)";
				SWIFT_VERSION = 5.0;
				TARGETED_DEVICE_FAMILY = "1,2";
				TEST_HOST = "$(BUILT_PRODUCTS_DIR)/GeometryReader.app/GeometryReader";
			};
			name = Debug;
		};
		2E37510B26FAF7DD00B291AE /* Release */ = {
			isa = XCBuildConfiguration;
			buildSettings = {
				ALWAYS_EMBED_SWIFT_STANDARD_LIBRARIES = YES;
				BUNDLE_LOADER = "$(TEST_HOST)";
				CODE_SIGN_STYLE = Automatic;
				DEVELOPMENT_TEAM = BN23SZEKV6;
				INFOPLIST_FILE = GeometryReaderTests/Info.plist;
				IPHONEOS_DEPLOYMENT_TARGET = 14.0;
				LD_RUNPATH_SEARCH_PATHS = (
					"$(inherited)",
					"@executable_path/Frameworks",
					"@loader_path/Frameworks",
				);
				PRODUCT_BUNDLE_IDENTIFIER = zapbuild.GeometryReaderTests;
				PRODUCT_NAME = "$(TARGET_NAME)";
				SWIFT_VERSION = 5.0;
				TARGETED_DEVICE_FAMILY = "1,2";
				TEST_HOST = "$(BUILT_PRODUCTS_DIR)/GeometryReader.app/GeometryReader";
			};
			name = Release;
		};
		2E37510D26FAF7DD00B291AE /* Debug */ = {
			isa = XCBuildConfiguration;
			buildSettings = {
				ALWAYS_EMBED_SWIFT_STANDARD_LIBRARIES = YES;
				CODE_SIGN_STYLE = Automatic;
				DEVELOPMENT_TEAM = BN23SZEKV6;
				INFOPLIST_FILE = GeometryReaderUITests/Info.plist;
				LD_RUNPATH_SEARCH_PATHS = (
					"$(inherited)",
					"@executable_path/Frameworks",
					"@loader_path/Frameworks",
				);
				PRODUCT_BUNDLE_IDENTIFIER = zapbuild.GeometryReaderUITests;
				PRODUCT_NAME = "$(TARGET_NAME)";
				SWIFT_VERSION = 5.0;
				TARGETED_DEVICE_FAMILY = "1,2";
				TEST_TARGET_NAME = GeometryReader;
			};
			name = Debug;
		};
		2E37510E26FAF7DD00B291AE /* Release */ = {
			isa = XCBuildConfiguration;
			buildSettings = {
				ALWAYS_EMBED_SWIFT_STANDARD_LIBRARIES = YES;
				CODE_SIGN_STYLE = Automatic;
				DEVELOPMENT_TEAM = BN23SZEKV6;
				INFOPLIST_FILE = GeometryReaderUITests/Info.plist;
				LD_RUNPATH_SEARCH_PATHS = (
					"$(inherited)",
					"@executable_path/Frameworks",
					"@loader_path/Frameworks",
				);
				PRODUCT_BUNDLE_IDENTIFIER = zapbuild.GeometryReaderUITests;
				PRODUCT_NAME = "$(TARGET_NAME)";
				SWIFT_VERSION = 5.0;
				TARGETED_DEVICE_FAMILY = "1,2";
				TEST_TARGET_NAME = GeometryReader;
			};
			name = Release;
		};
/* End XCBuildConfiguration section */

/* Begin XCConfigurationList section */
		2E3750DC26FAF7D800B291AE /* Build configuration list for PBXProject "GeometryReader" */ = {
			isa = XCConfigurationList;
			buildConfigurations = (
				2E37510426FAF7DD00B291AE /* Debug */,
				2E37510526FAF7DD00B291AE /* Release */,
			);
			defaultConfigurationIsVisible = 0;
			defaultConfigurationName = Release;
		};
		2E37510626FAF7DD00B291AE /* Build configuration list for PBXNativeTarget "GeometryReader" */ = {
			isa = XCConfigurationList;
			buildConfigurations = (
				2E37510726FAF7DD00B291AE /* Debug */,
				2E37510826FAF7DD00B291AE /* Release */,
			);
			defaultConfigurationIsVisible = 0;
			defaultConfigurationName = Release;
		};
		2E37510926FAF7DD00B291AE /* Build configuration list for PBXNativeTarget "GeometryReaderTests" */ = {
			isa = XCConfigurationList;
			buildConfigurations = (
				2E37510A26FAF7DD00B291AE /* Debug */,
				2E37510B26FAF7DD00B291AE /* Release */,
			);
			defaultConfigurationIsVisible = 0;
			defaultConfigurationName = Release;
		};
		2E37510C26FAF7DD00B291AE /* Build configuration list for PBXNativeTarget "GeometryReaderUITests" */ = {
			isa = XCConfigurationList;
			buildConfigurations = (
				2E37510D26FAF7DD00B291AE /* Debug */,
				2E37510E26FAF7DD00B291AE /* Release */,
			);
			defaultConfigurationIsVisible = 0;
			defaultConfigurationName = Release;
		};
/* End XCConfigurationList section */
	};
	rootObject = 2E3750D926FAF7D800B291AE /* Project object */;
}
